
Microsoft Visual Studio Solution File, Format Version 12.00
# Visual Studio Version 16
VisualStudioVersion = 16.0.29721.120
MinimumVisualStudioVersion = 10.0.40219.1
Project("{9A19103F-16F7-4668-BE54-9A1E7A4F7556}") = "Notes2021Blazor.Shared", "Shared\Notes2021Blazor.Shared.csproj", "{128A7E81-6400-4997-BB0E-4316D1717FB0}"
EndProject
Project("{FAE04EC0-301F-11D3-BF4B-00C04F79EFBC}") = "MarkupConverter", "MarkupConverter\MarkupConverter.csproj", "{33D58F61-2D0B-46A9-A7CF-E464C797C96F}"
EndProject
Project("{9A19103F-16F7-4668-BE54-9A1E7A4F7556}") = "Notes2021", "Notes2021\Notes2021.csproj", "{C9CCCF08-7D27-4037-B1EE-7A9A7DC82E36}"
EndProject
Project("{9A19103F-16F7-4668-BE54-9A1E7A4F7556}") = "Notes2021Client", "Notes2021Client\Notes2021Client.csproj", "{6CD8C397-E855-4A4D-A82D-BAD654752C7F}"
EndProject
Project("{9A19103F-16F7-4668-BE54-9A1E7A4F7556}") = "NotesUtil", "NotesUtil\NotesUtil.csproj", "{1629CFB7-9152-4A7A-A4CB-E68762E62895}"
EndProject
Project("{2150E333-8FDC-42A3-9474-1A3956D46DE8}") = "Solution Items", "Solution Items", "{50C4E562-FDC5-4914-A47D-8B277F8F915C}"
	ProjectSection(SolutionItems) = preProject
		Published.zip = Published.zip
	EndProjectSection
EndProject
Project("{9A19103F-16F7-4668-BE54-9A1E7A4F7556}") = "Notes2021Spa.Server", "Notes2021Spa\Server\Notes2021Spa.Server.csproj", "{70B6E926-6A8C-4525-BC8C-0850C9F52B98}"
EndProject
Project("{9A19103F-16F7-4668-BE54-9A1E7A4F7556}") = "Notes2021Spa.Client", "Notes2021Spa\Client\Notes2021Spa.Client.csproj", "{A535EFD7-09B3-4AAE-B0EE-C44C30C05868}"
EndProject
Project("{9A19103F-16F7-4668-BE54-9A1E7A4F7556}") = "Notes2021Spa.RCL", "Notes2021Spa.RCL\Notes2021Spa.RCL.csproj", "{B8D62BAF-8BC8-4CF7-9E39-564014A68B70}"
EndProject
Project("{9A19103F-16F7-4668-BE54-9A1E7A4F7556}") = "BlazorDesktopApp", "BlazorDesktopApp\BlazorDesktopApp.csproj", "{C7D9CBD0-1386-4A52-933D-22F7C3FADE1E}"
EndProject
Global
	GlobalSection(SolutionConfigurationPlatforms) = preSolution
		Debug|Any CPU = Debug|Any CPU
		Debug|x64 = Debug|x64
		Release|Any CPU = Release|Any CPU
		Release|x64 = Release|x64
	EndGlobalSection
	GlobalSection(ProjectConfigurationPlatforms) = postSolution
		{128A7E81-6400-4997-BB0E-4316D1717FB0}.Debug|Any CPU.ActiveCfg = Debug|Any CPU
		{128A7E81-6400-4997-BB0E-4316D1717FB0}.Debug|Any CPU.Build.0 = Debug|Any CPU
		{128A7E81-6400-4997-BB0E-4316D1717FB0}.Debug|x64.ActiveCfg = Debug|Any CPU
		{128A7E81-6400-4997-BB0E-4316D1717FB0}.Debug|x64.Build.0 = Debug|Any CPU
		{128A7E81-6400-4997-BB0E-4316D1717FB0}.Release|Any CPU.ActiveCfg = Release|Any CPU
		{128A7E81-6400-4997-BB0E-4316D1717FB0}.Release|Any CPU.Build.0 = Release|Any CPU
		{128A7E81-6400-4997-BB0E-4316D1717FB0}.Release|x64.ActiveCfg = Release|Any CPU
		{128A7E81-6400-4997-BB0E-4316D1717FB0}.Release|x64.Build.0 = Release|Any CPU
		{33D58F61-2D0B-46A9-A7CF-E464C797C96F}.Debug|Any CPU.ActiveCfg = Debug|Any CPU
		{33D58F61-2D0B-46A9-A7CF-E464C797C96F}.Debug|Any CPU.Build.0 = Debug|Any CPU
		{33D58F61-2D0B-46A9-A7CF-E464C797C96F}.Debug|x64.ActiveCfg = Debug|Any CPU
		{33D58F61-2D0B-46A9-A7CF-E464C797C96F}.Debug|x64.Build.0 = Debug|Any CPU
		{33D58F61-2D0B-46A9-A7CF-E464C797C96F}.Release|Any CPU.ActiveCfg = Release|Any CPU
		{33D58F61-2D0B-46A9-A7CF-E464C797C96F}.Release|Any CPU.Build.0 = Release|Any CPU
		{33D58F61-2D0B-46A9-A7CF-E464C797C96F}.Release|x64.ActiveCfg = Release|Any CPU
		{33D58F61-2D0B-46A9-A7CF-E464C797C96F}.Release|x64.Build.0 = Release|Any CPU
		{C9CCCF08-7D27-4037-B1EE-7A9A7DC82E36}.Debug|Any CPU.ActiveCfg = Debug|Any CPU
		{C9CCCF08-7D27-4037-B1EE-7A9A7DC82E36}.Debug|Any CPU.Build.0 = Debug|Any CPU
		{C9CCCF08-7D27-4037-B1EE-7A9A7DC82E36}.Debug|x64.ActiveCfg = Debug|Any CPU
		{C9CCCF08-7D27-4037-B1EE-7A9A7DC82E36}.Debug|x64.Build.0 = Debug|Any CPU
		{C9CCCF08-7D27-4037-B1EE-7A9A7DC82E36}.Release|Any CPU.ActiveCfg = Release|Any CPU
		{C9CCCF08-7D27-4037-B1EE-7A9A7DC82E36}.Release|Any CPU.Build.0 = Release|Any CPU
		{C9CCCF08-7D27-4037-B1EE-7A9A7DC82E36}.Release|x64.ActiveCfg = Release|Any CPU
		{C9CCCF08-7D27-4037-B1EE-7A9A7DC82E36}.Release|x64.Build.0 = Release|Any CPU
		{6CD8C397-E855-4A4D-A82D-BAD654752C7F}.Debug|Any CPU.ActiveCfg = Debug|Any CPU
		{6CD8C397-E855-4A4D-A82D-BAD654752C7F}.Debug|Any CPU.Build.0 = Debug|Any CPU
		{6CD8C397-E855-4A4D-A82D-BAD654752C7F}.Debug|x64.ActiveCfg = Debug|Any CPU
		{6CD8C397-E855-4A4D-A82D-BAD654752C7F}.Debug|x64.Build.0 = Debug|Any CPU
		{6CD8C397-E855-4A4D-A82D-BAD654752C7F}.Release|Any CPU.ActiveCfg = Release|Any CPU
		{6CD8C397-E855-4A4D-A82D-BAD654752C7F}.Release|Any CPU.Build.0 = Release|Any CPU
		{6CD8C397-E855-4A4D-A82D-BAD654752C7F}.Release|x64.ActiveCfg = Release|Any CPU
		{6CD8C397-E855-4A4D-A82D-BAD654752C7F}.Release|x64.Build.0 = Release|Any CPU
		{1629CFB7-9152-4A7A-A4CB-E68762E62895}.Debug|Any CPU.ActiveCfg = Debug|Any CPU
		{1629CFB7-9152-4A7A-A4CB-E68762E62895}.Debug|Any CPU.Build.0 = Debug|Any CPU
		{1629CFB7-9152-4A7A-A4CB-E68762E62895}.Debug|x64.ActiveCfg = Debug|Any CPU
		{1629CFB7-9152-4A7A-A4CB-E68762E62895}.Debug|x64.Build.0 = Debug|Any CPU
		{1629CFB7-9152-4A7A-A4CB-E68762E62895}.Release|Any CPU.ActiveCfg = Release|Any CPU
		{1629CFB7-9152-4A7A-A4CB-E68762E62895}.Release|Any CPU.Build.0 = Release|Any CPU
		{1629CFB7-9152-4A7A-A4CB-E68762E62895}.Release|x64.ActiveCfg = Release|Any CPU
		{1629CFB7-9152-4A7A-A4CB-E68762E62895}.Release|x64.Build.0 = Release|Any CPU
		{70B6E926-6A8C-4525-BC8C-0850C9F52B98}.Debug|Any CPU.ActiveCfg = Debug|Any CPU
		{70B6E926-6A8C-4525-BC8C-0850C9F52B98}.Debug|Any CPU.Build.0 = Debug|Any CPU
		{70B6E926-6A8C-4525-BC8C-0850C9F52B98}.Debug|x64.ActiveCfg = Debug|Any CPU
		{70B6E926-6A8C-4525-BC8C-0850C9F52B98}.Debug|x64.Build.0 = Debug|Any CPU
		{70B6E926-6A8C-4525-BC8C-0850C9F52B98}.Release|Any CPU.ActiveCfg = Release|Any CPU
		{70B6E926-6A8C-4525-BC8C-0850C9F52B98}.Release|Any CPU.Build.0 = Release|Any CPU
		{70B6E926-6A8C-4525-BC8C-0850C9F52B98}.Release|x64.ActiveCfg = Release|Any CPU
		{70B6E926-6A8C-4525-BC8C-0850C9F52B98}.Release|x64.Build.0 = Release|Any CPU
		{A535EFD7-09B3-4AAE-B0EE-C44C30C05868}.Debug|Any CPU.ActiveCfg = Debug|Any CPU
		{A535EFD7-09B3-4AAE-B0EE-C44C30C05868}.Debug|Any CPU.Build.0 = Debug|Any CPU
		{A535EFD7-09B3-4AAE-B0EE-C44C30C05868}.Debug|x64.ActiveCfg = Debug|Any CPU
		{A535EFD7-09B3-4AAE-B0EE-C44C30C05868}.Debug|x64.Build.0 = Debug|Any CPU
		{A535EFD7-09B3-4AAE-B0EE-C44C30C05868}.Release|Any CPU.ActiveCfg = Release|Any CPU
		{A535EFD7-09B3-4AAE-B0EE-C44C30C05868}.Release|Any CPU.Build.0 = Release|Any CPU
		{A535EFD7-09B3-4AAE-B0EE-C44C30C05868}.Release|x64.ActiveCfg = Release|Any CPU
		{A535EFD7-09B3-4AAE-B0EE-C44C30C05868}.Release|x64.Build.0 = Release|Any CPU
		{B8D62BAF-8BC8-4CF7-9E39-564014A68B70}.Debug|Any CPU.ActiveCfg = Debug|Any CPU
		{B8D62BAF-8BC8-4CF7-9E39-564014A68B70}.Debug|Any CPU.Build.0 = Debug|Any CPU
		{B8D62BAF-8BC8-4CF7-9E39-564014A68B70}.Debug|x64.ActiveCfg = Debug|Any CPU
		{B8D62BAF-8BC8-4CF7-9E39-564014A68B70}.Debug|x64.Build.0 = Debug|Any CPU
		{B8D62BAF-8BC8-4CF7-9E39-564014A68B70}.Release|Any CPU.ActiveCfg = Release|Any CPU
		{B8D62BAF-8BC8-4CF7-9E39-564014A68B70}.Release|Any CPU.Build.0 = Release|Any CPU
		{B8D62BAF-8BC8-4CF7-9E39-564014A68B70}.Release|x64.ActiveCfg = Release|Any CPU
		{B8D62BAF-8BC8-4CF7-9E39-564014A68B70}.Release|x64.Build.0 = Release|Any CPU
		{C7D9CBD0-1386-4A52-933D-22F7C3FADE1E}.Debug|Any CPU.ActiveCfg = Debug|Any CPU
		{C7D9CBD0-1386-4A52-933D-22F7C3FADE1E}.Debug|Any CPU.Build.0 = Debug|Any CPU
		{C7D9CBD0-1386-4A52-933D-22F7C3FADE1E}.Debug|x64.ActiveCfg = Debug|x64
		{C7D9CBD0-1386-4A52-933D-22F7C3FADE1E}.Debug|x64.Build.0 = Debug|x64
		{C7D9CBD0-1386-4A52-933D-22F7C3FADE1E}.Release|Any CPU.ActiveCfg = Release|Any CPU
		{C7D9CBD0-1386-4A52-933D-22F7C3FADE1E}.Release|Any CPU.Build.0 = Release|Any CPU
		{C7D9CBD0-1386-4A52-933D-22F7C3FADE1E}.Release|x64.ActiveCfg = Release|x64
		{C7D9CBD0-1386-4A52-933D-22F7C3FADE1E}.Release|x64.Build.0 = Release|x64
	EndGlobalSection
	GlobalSection(SolutionProperties) = preSolution
		HideSolutionNode = FALSE
	EndGlobalSection
	GlobalSection(ExtensibilityGlobals) = postSolution
		SolutionGuid = {3692C2A6-6521-4621-A266-0F970AE67426}
	EndGlobalSection
EndGlobal
